
Microsoft Visual Studio Solution File, Format Version 12.00
# Visual Studio Version 16
VisualStudioVersion = 16.0.29102.190
MinimumVisualStudioVersion = 10.0.40219.1
Project("{FAE04EC0-301F-11D3-BF4B-00C04F79EFBC}") = "MainApp", "MainApp\MainApp.csproj", "{5864E36C-4829-4AF9-99B5-BEA2A5ACA4CE}"
EndProject
Project("{FAE04EC0-301F-11D3-BF4B-00C04F79EFBC}") = "CustomerWPF", "CustomerWPF\CustomerWPF.csproj", "{69C92A0D-F857-4165-A404-38815F230B37}"
EndProject
Project("{FAE04EC0-301F-11D3-BF4B-00C04F79EFBC}") = "ABC", "ABC\ABC.csproj", "{6C15CFDD-3C70-470D-A6C0-CF7AB048E565}"
EndProject
Global
	GlobalSection(SolutionConfigurationPlatforms) = preSolution
		Debug|Any CPU = Debug|Any CPU
		Release|Any CPU = Release|Any CPU
	EndGlobalSection
	GlobalSection(ProjectConfigurationPlatforms) = postSolution
		{5864E36C-4829-4AF9-99B5-BEA2A5ACA4CE}.Debug|Any CPU.ActiveCfg = Debug|Any CPU
		{5864E36C-4829-4AF9-99B5-BEA2A5ACA4CE}.Debug|Any CPU.Build.0 = Debug|Any CPU
		{5864E36C-4829-4AF9-99B5-BEA2A5ACA4CE}.Release|Any CPU.ActiveCfg = Release|Any CPU
		{5864E36C-4829-4AF9-99B5-BEA2A5ACA4CE}.Release|Any CPU.Build.0 = Release|Any CPU
		{69C92A0D-F857-4165-A404-38815F230B37}.Debug|Any CPU.ActiveCfg = Debug|Any CPU
		{69C92A0D-F857-4165-A404-38815F230B37}.Debug|Any CPU.Build.0 = Debug|Any CPU
		{69C92A0D-F857-4165-A404-38815F230B37}.Release|Any CPU.ActiveCfg = Release|Any CPU
		{69C92A0D-F857-4165-A404-38815F230B37}.Release|Any CPU.Build.0 = Release|Any CPU
		{6C15CFDD-3C70-470D-A6C0-CF7AB048E565}.Debug|Any CPU.ActiveCfg = Debug|Any CPU
		{6C15CFDD-3C70-470D-A6C0-CF7AB048E565}.Debug|Any CPU.Build.0 = Debug|Any CPU
		{6C15CFDD-3C70-470D-A6C0-CF7AB048E565}.Release|Any CPU.ActiveCfg = Release|Any CPU
		{6C15CFDD-3C70-470D-A6C0-CF7AB048E565}.Release|Any CPU.Build.0 = Release|Any CPU
	EndGlobalSection
	GlobalSection(SolutionProperties) = preSolution
		HideSolutionNode = FALSE
	EndGlobalSection
	GlobalSection(ExtensibilityGlobals) = postSolution
		SolutionGuid = {A5363012-DC5F-47DC-966D-7AFD316C5171}
	EndGlobalSection
EndGlobal
